{"1.2.0",
[{<<"argparse">>,{pkg,<<"argparse">>,<<"1.1.4">>},0},
 {<<"aten">>,{pkg,<<"aten">>,<<"0.5.8">>},2},
 {<<"bbmustache">>,{pkg,<<"bbmustache">>,<<"1.12.2">>},0},
 {<<"erlperf">>,
  {git,"https://github.com/rabbitmq/erlperf.git",
       {ref,"4cf89bdc3f4e20ed24bfba3be36bf31467f9a83a"}},
  0},
 {<<"gen_batch_server">>,{pkg,<<"gen_batch_server">>,<<"0.8.8">>},2},
 {<<"jsx">>,{pkg,<<"jsx">>,<<"3.1.0">>},0},
 {<<"khepri">>,
  {git,"https://github.com/rabbitmq/khepri.git",
       {ref,"cab47f41ff5a457c3b9acf3c134fc75bd9520c2e"}},
  0},
 {<<"ra">>,{pkg,<<"ra">>,<<"2.1.0">>},1},
 {<<"seshat">>,{pkg,<<"seshat">>,<<"0.3.2">>},2}]}.
[
{pkg_hash,[
 {<<"argparse">>, <<"A9F83748FABB1AF2A329484434E542FA02ADE6B6FEE58F5EDA15E3E471359992">>},
 {<<"aten">>, <<"B5C97F48517C4F37F26A519AA57A00A31FF1B8EA4324EC1CAE27F818ED5C0DB2">>},
 {<<"bbmustache">>, <<"0CABDCE0DB9FE6D3318131174B9F2B351328A4C0AFBEB3E6E99BB0E02E9B621D">>},
 {<<"gen_batch_server">>, <<"7840A1FA63EE1EFFC83E8A91D22664847A2BA1192D30EAFFFD914ACB51578068">>},
 {<<"jsx">>, <<"D12516BAA0BB23A59BB35DCCAF02A1BD08243FCBB9EFE24F2D9D056CCFF71268">>},
 {<<"ra">>, <<"A58527F480CCC8AF68B5041B76DD6CF46B3202759D3D63567720212416BF744C">>},
 {<<"seshat">>, <<"16CF14E92AECB927D8840387B97A362D0781997A906D0F3BBB274EB0EC3D74D9">>}]},
{pkg_hash_ext,[
 {<<"argparse">>, <<"AC825D3B52CA64F25A4867D70324FBE940ED9BFC2CB9C8826E0B88D7BF7F73F3">>},
 {<<"aten">>, <<"64D40A8CF0DDFEA4E13AF00B7327F0925147F83612D0627D9506CBFFE90C13EF">>},
 {<<"bbmustache">>, <<"688B33A4D5CC2D51F575ADF0B3683FC40A38314A2F150906EDCFC77F5B577B3B">>},
 {<<"gen_batch_server">>, <<"C3E6A1A2A0FB62AEE631A98CFA0FD8903E9562422CBF72043953E2FB1D203017">>},
 {<<"jsx">>, <<"0C5CC8FDC11B53CC25CF65AC6705AD39E54ECC56D1C22E4ADB8F5A53FB9427F3">>},
 {<<"ra">>, <<"24001B370C23690AF3FE42DDCA353C71C45D1EDC1A0E56F9C1BF30BD4C37D14E">>},
 {<<"seshat">>, <<"20D820ACBEEF9D07298EE863D0C9D06F8E620ACBA100939EBB2925E4D6B0DFC7">>}]}
].
